
Microsoft Visual Studio Solution File, Format Version 12.00
# Visual Studio Version 17
VisualStudioVersion = 17.1.32210.238
MinimumVisualStudioVersion = 10.0.40219.1
Project("{9A19103F-16F7-4668-BE54-9A1E7A4F7556}") = "spot-sdk", "spot-sdk\spot-sdk.csproj", "{06B8913B-CCB4-4EB6-BD8F-86B88C5ED93C}"
EndProject
Project("{9A19103F-16F7-4668-BE54-9A1E7A4F7556}") = "bosdyn-protos", "bosdyn-protos\bosdyn-protos.csproj", "{3C83714E-79AF-44D8-A9B3-6ED5A6B6E793}"
EndProject
Global
	GlobalSection(SolutionConfigurationPlatforms) = preSolution
		Debug|Any CPU = Debug|Any CPU
		Release|Any CPU = Release|Any CPU
	EndGlobalSection
	GlobalSection(ProjectConfigurationPlatforms) = postSolution
		{06B8913B-CCB4-4EB6-BD8F-86B88C5ED93C}.Debug|Any CPU.ActiveCfg = Debug|Any CPU
		{06B8913B-CCB4-4EB6-BD8F-86B88C5ED93C}.Debug|Any CPU.Build.0 = Debug|Any CPU
		{06B8913B-CCB4-4EB6-BD8F-86B88C5ED93C}.Release|Any CPU.ActiveCfg = Release|Any CPU
		{06B8913B-CCB4-4EB6-BD8F-86B88C5ED93C}.Release|Any CPU.Build.0 = Release|Any CPU
		{3C83714E-79AF-44D8-A9B3-6ED5A6B6E793}.Debug|Any CPU.ActiveCfg = Debug|Any CPU
		{3C83714E-79AF-44D8-A9B3-6ED5A6B6E793}.Debug|Any CPU.Build.0 = Debug|Any CPU
		{3C83714E-79AF-44D8-A9B3-6ED5A6B6E793}.Release|Any CPU.ActiveCfg = Release|Any CPU
		{3C83714E-79AF-44D8-A9B3-6ED5A6B6E793}.Release|Any CPU.Build.0 = Release|Any CPU
	EndGlobalSection
	GlobalSection(SolutionProperties) = preSolution
		HideSolutionNode = FALSE
	EndGlobalSection
	GlobalSection(ExtensibilityGlobals) = postSolution
		SolutionGuid = {B505A185-4FFD-4DE0-9390-729644D31CBF}
	EndGlobalSection
EndGlobal
